{
  "name": "spk-tinymce",
  "version": "0.0.1",
  "lockfileVersion": 1,
  "requires": true,
  "dependencies": {
    "tinymce": {
      "version": "5.9.0",
      "resolved": "https://registry.npmjs.org/tinymce/-/tinymce-5.9.0.tgz",
      "integrity": "sha512-kaCTgR2NtJe9mgU46WPgUZFy5e2x9IgC9/kxqHg8ikFePi8bYE3bf3qmiWR+hXH/pr8PDFRsRCpqOuLEtdhG8Q=="
    }
  }
}
