{
  "name": "spk-tinymce",
  "version": "0.0.1",
  "lockfileVersion": 1,
  "requires": true,
  "dependencies": {
    "tinymce": {
      "version": "5.10.7",
      "resolved": "https://registry.npmjs.org/tinymce/-/tinymce-5.10.7.tgz",
      "integrity": "sha512-9UUjaO0R7FxcFo0oxnd1lMs7H+D0Eh+dDVo5hKbVe1a+VB0nit97vOqlinj+YwgoBDt6/DSCUoWqAYlLI8BLYA=="
    }
  }
}
